
Microsoft Visual Studio Solution File, Format Version 12.00
# Visual Studio Version 16
VisualStudioVersion = 16.0.31321.278
MinimumVisualStudioVersion = 10.0.40219.1
Project("{FAE04EC0-301F-11D3-BF4B-00C04F79EFBC}") = "Theme5", "Theme5\Theme5.csproj", "{AA1D9EB7-F190-434F-B722-095D0CB2789C}"
EndProject
Global
	GlobalSection(SolutionConfigurationPlatforms) = preSolution
		Debug|Any CPU = Debug|Any CPU
		Release|Any CPU = Release|Any CPU
	EndGlobalSection
	GlobalSection(ProjectConfigurationPlatforms) = postSolution
		{AA1D9EB7-F190-434F-B722-095D0CB2789C}.Debug|Any CPU.ActiveCfg = Debug|Any CPU
		{AA1D9EB7-F190-434F-B722-095D0CB2789C}.Debug|Any CPU.Build.0 = Debug|Any CPU
		{AA1D9EB7-F190-434F-B722-095D0CB2789C}.Release|Any CPU.ActiveCfg = Release|Any CPU
		{AA1D9EB7-F190-434F-B722-095D0CB2789C}.Release|Any CPU.Build.0 = Release|Any CPU
	EndGlobalSection
	GlobalSection(SolutionProperties) = preSolution
		HideSolutionNode = FALSE
	EndGlobalSection
	GlobalSection(ExtensibilityGlobals) = postSolution
		SolutionGuid = {AD83EB1C-7FE5-49A3-9AC1-56F57F053B8B}
	EndGlobalSection
EndGlobal
